// !$*UTF8*$!
{
	archiveVersion = 1;
	classes = {
	};
	objectVersion = 70;
	objects = {

/* Begin PBXBuildFile section */
		57249D992E56ED8500D32CD7 /* TradeDok.app in Sources */ = {isa = PBXBuildFile; fileRef = 57A220EE2C8814930044810B /* TradeDok.app */; };
		57249D9A2E56ED8500D32CD7 /* TradeDokTests.xctest in Sources */ = {isa = PBXBuildFile; fileRef = 57A221012C8814970044810B /* TradeDokTests.xctest */; };
		57249D9B2E56ED8500D32CD7 /* TradeDokUITests.xctest in Sources */ = {isa = PBXBuildFile; fileRef = 57A2210B2C8814980044810B /* TradeDokUITests.xctest */; };
		57249DA22E56EDC300D32CD7 /* TradeDok.entitlements in Sources */ = {isa = PBXBuildFile; fileRef = 57A220FC2C8814970044810B /* TradeDok.entitlements */; };
		57249DA32E56EDC300D32CD7 /* Preview Assets.xcassets in Sources */ = {isa = PBXBuildFile; fileRef = 57A220FA2C8814970044810B /* Preview Assets.xcassets */; };
		57249DA42E56EDC300D32CD7 /* Assets.xcassets in Sources */ = {isa = PBXBuildFile; fileRef = 576179782D19250600C06872 /* Assets.xcassets */; };
		576179792D19250600C06872 /* Assets.xcassets in Resources */ = {isa = PBXBuildFile; fileRef = 576179782D19250600C06872 /* Assets.xcassets */; };
		5761797A2D19250600C06872 /* Assets.xcassets in Resources */ = {isa = PBXBuildFile; fileRef = 576179782D19250600C06872 /* Assets.xcassets */; };
		5761797B2D19250600C06872 /* Assets.xcassets in Resources */ = {isa = PBXBuildFile; fileRef = 576179782D19250600C06872 /* Assets.xcassets */; };
		57A220F22C8814930044810B /* TradeDokApp.swift in Sources */ = {isa = PBXBuildFile; fileRef = 57A220F12C8814930044810B /* TradeDokApp.swift */; };
		57A220F62C8814930044810B /* Item.swift in Sources */ = {isa = PBXBuildFile; fileRef = 57A220F52C8814930044810B /* Item.swift */; };
		57A220FB2C8814970044810B /* Preview Assets.xcassets in Resources */ = {isa = PBXBuildFile; fileRef = 57A220FA2C8814970044810B /* Preview Assets.xcassets */; };
		57A221062C8814970044810B /* TradeDokTests.swift in Sources */ = {isa = PBXBuildFile; fileRef = 57A221052C8814970044810B /* TradeDokTests.swift */; };
		57A221102C8814980044810B /* TradeDokUITests.swift in Sources */ = {isa = PBXBuildFile; fileRef = 57A2210F2C8814980044810B /* TradeDokUITests.swift */; };
		57A221122C8814980044810B /* TradeDokUITestsLaunchTests.swift in Sources */ = {isa = PBXBuildFile; fileRef = 57A221112C8814980044810B /* TradeDokUITestsLaunchTests.swift */; };
/* End PBXBuildFile section */

/* Begin PBXContainerItemProxy section */
		57A221022C8814970044810B /* PBXContainerItemProxy */ = {
			isa = PBXContainerItemProxy;
			containerPortal = 57A220E62C8814930044810B /* Project object */;
			proxyType = 1;
			remoteGlobalIDString = 57A220ED2C8814930044810B;
			remoteInfo = TradeDok;
		};
		57A2210C2C8814980044810B /* PBXContainerItemProxy */ = {
			isa = PBXContainerItemProxy;
			containerPortal = 57A220E62C8814930044810B /* Project object */;
			proxyType = 1;
			remoteGlobalIDString = 57A220ED2C8814930044810B;
			remoteInfo = TradeDok;
		};
/* End PBXContainerItemProxy section */

/* Begin PBXFileReference section */
		576179782D19250600C06872 /* Assets.xcassets */ = {isa = PBXFileReference; lastKnownFileType = folder.assetcatalog; path = Assets.xcassets; sourceTree = "<group>"; };
		57A220EE2C8814930044810B /* TradeDok.app */ = {isa = PBXFileReference; explicitFileType = wrapper.application; includeInIndex = 0; path = TradeDok.app; sourceTree = BUILT_PRODUCTS_DIR; };
		57A220F12C8814930044810B /* TradeDokApp.swift */ = {isa = PBXFileReference; lastKnownFileType = sourcecode.swift; path = TradeDokApp.swift; sourceTree = "<group>"; };
		57A220F52C8814930044810B /* Item.swift */ = {isa = PBXFileReference; lastKnownFileType = sourcecode.swift; path = Item.swift; sourceTree = "<group>"; };
		57A220FA2C8814970044810B /* Preview Assets.xcassets */ = {isa = PBXFileReference; lastKnownFileType = folder.assetcatalog; path = "Preview Assets.xcassets"; sourceTree = "<group>"; };
		57A220FC2C8814970044810B /* TradeDok.entitlements */ = {isa = PBXFileReference; lastKnownFileType = text.plist.entitlements; path = TradeDok.entitlements; sourceTree = "<group>"; };
		57A221012C8814970044810B /* TradeDokTests.xctest */ = {isa = PBXFileReference; explicitFileType = wrapper.cfbundle; includeInIndex = 0; path = TradeDokTests.xctest; sourceTree = BUILT_PRODUCTS_DIR; };
		57A221052C8814970044810B /* TradeDokTests.swift */ = {isa = PBXFileReference; lastKnownFileType = sourcecode.swift; path = TradeDokTests.swift; sourceTree = "<group>"; };
		57A2210B2C8814980044810B /* TradeDokUITests.xctest */ = {isa = PBXFileReference; explicitFileType = wrapper.cfbundle; includeInIndex = 0; path = TradeDokUITests.xctest; sourceTree = BUILT_PRODUCTS_DIR; };
		57A2210F2C8814980044810B /* TradeDokUITests.swift */ = {isa = PBXFileReference; lastKnownFileType = sourcecode.swift; path = TradeDokUITests.swift; sourceTree = "<group>"; };
		57A221112C8814980044810B /* TradeDokUITestsLaunchTests.swift */ = {isa = PBXFileReference; lastKnownFileType = sourcecode.swift; path = TradeDokUITestsLaunchTests.swift; sourceTree = "<group>"; };
/* End PBXFileReference section */

/* Begin PBXFileSystemSynchronizedBuildFileExceptionSet section */
		57249D932E56ED2B00D32CD7 /* PBXFileSystemSynchronizedBuildFileExceptionSet */ = {
			isa = PBXFileSystemSynchronizedBuildFileExceptionSet;
			membershipExceptions = (
				ContentView.swift,
				EditTradeEntryView.swift,
				StatisticsView.swift,
				TradeEntryView.swift,
				TradesTableView.swift,
			);
			target = 57A220ED2C8814930044810B /* TradeDok */;
		};
/* End PBXFileSystemSynchronizedBuildFileExceptionSet section */

/* Begin PBXFileSystemSynchronizedRootGroup section */
		572913702D191C33006FA437 /* Assets */ = {isa = PBXFileSystemSynchronizedRootGroup; explicitFileTypes = {}; explicitFolders = (); path = Assets; sourceTree = "<group>"; };
		5731CFD72D174BC800E8D36C /* Model */ = {isa = PBXFileSystemSynchronizedRootGroup; explicitFileTypes = {}; explicitFolders = (); path = Model; sourceTree = "<group>"; };
		5731D00F2D17572600E8D36C /* Views */ = {isa = PBXFileSystemSynchronizedRootGroup; exceptions = (57249D932E56ED2B00D32CD7 /* PBXFileSystemSynchronizedBuildFileExceptionSet */, ); explicitFileTypes = {}; explicitFolders = (); path = Views; sourceTree = "<group>"; };
/* End PBXFileSystemSynchronizedRootGroup section */

/* Begin PBXFrameworksBuildPhase section */
		57A220EB2C8814930044810B /* Frameworks */ = {
			isa = PBXFrameworksBuildPhase;
			buildActionMask = 2147483647;
			files = (
			);
			runOnlyForDeploymentPostprocessing = 0;
		};
		57A220FE2C8814970044810B /* Frameworks */ = {
			isa = PBXFrameworksBuildPhase;
			buildActionMask = 2147483647;
			files = (
			);
			runOnlyForDeploymentPostprocessing = 0;
		};
		57A221082C8814970044810B /* Frameworks */ = {
			isa = PBXFrameworksBuildPhase;
			buildActionMask = 2147483647;
			files = (
			);
			runOnlyForDeploymentPostprocessing = 0;
		};
/* End PBXFrameworksBuildPhase section */

/* Begin PBXGroup section */
		57A220E52C8814930044810B = {
			isa = PBXGroup;
			children = (
				57A220F02C8814930044810B /* TradeDok */,
				57A221042C8814970044810B /* TradeDokTests */,
				57A2210E2C8814980044810B /* TradeDokUITests */,
				57A220EF2C8814930044810B /* Products */,
			);
			sourceTree = "<group>";
		};
		57A220EF2C8814930044810B /* Products */ = {
			isa = PBXGroup;
			children = (
				57A220EE2C8814930044810B /* TradeDok.app */,
				57A221012C8814970044810B /* TradeDokTests.xctest */,
				57A2210B2C8814980044810B /* TradeDokUITests.xctest */,
			);
			name = Products;
			sourceTree = "<group>";
		};
		57A220F02C8814930044810B /* TradeDok */ = {
			isa = PBXGroup;
			children = (
				572913702D191C33006FA437 /* Assets */,
				5731CFD72D174BC800E8D36C /* Model */,
				57A220F12C8814930044810B /* TradeDokApp.swift */,
				57A220F52C8814930044810B /* Item.swift */,
				57A220FC2C8814970044810B /* TradeDok.entitlements */,
				57A220F92C8814970044810B /* Preview Content */,
				5731D00F2D17572600E8D36C /* Views */,
				576179782D19250600C06872 /* Assets.xcassets */,
			);
			path = TradeDok;
			sourceTree = "<group>";
		};
		57A220F92C8814970044810B /* Preview Content */ = {
			isa = PBXGroup;
			children = (
				57A220FA2C8814970044810B /* Preview Assets.xcassets */,
			);
			path = "Preview Content";
			sourceTree = "<group>";
		};
		57A221042C8814970044810B /* TradeDokTests */ = {
			isa = PBXGroup;
			children = (
				57A221052C8814970044810B /* TradeDokTests.swift */,
			);
			path = TradeDokTests;
			sourceTree = "<group>";
		};
		57A2210E2C8814980044810B /* TradeDokUITests */ = {
			isa = PBXGroup;
			children = (
				57A2210F2C8814980044810B /* TradeDokUITests.swift */,
				57A221112C8814980044810B /* TradeDokUITestsLaunchTests.swift */,
			);
			path = TradeDokUITests;
			sourceTree = "<group>";
		};
/* End PBXGroup section */

/* Begin PBXNativeTarget section */
		57A220ED2C8814930044810B /* TradeDok */ = {
			isa = PBXNativeTarget;
			buildConfigurationList = 57A221152C8814980044810B /* Build configuration list for PBXNativeTarget "TradeDok" */;
			buildPhases = (
				57A220EA2C8814930044810B /* Sources */,
				57A220EB2C8814930044810B /* Frameworks */,
				57A220EC2C8814930044810B /* Resources */,
			);
			buildRules = (
			);
			dependencies = (
			);
			fileSystemSynchronizedGroups = (
				572913702D191C33006FA437 /* Assets */,
				5731CFD72D174BC800E8D36C /* Model */,
			);
			name = TradeDok;
			productName = TradeDok;
			productReference = 57A220EE2C8814930044810B /* TradeDok.app */;
			productType = "com.apple.product-type.application";
		};
		57A221002C8814970044810B /* TradeDokTests */ = {
			isa = PBXNativeTarget;
			buildConfigurationList = 57A221182C8814980044810B /* Build configuration list for PBXNativeTarget "TradeDokTests" */;
			buildPhases = (
				57A220FD2C8814970044810B /* Sources */,
				57A220FE2C8814970044810B /* Frameworks */,
				57A220FF2C8814970044810B /* Resources */,
			);
			buildRules = (
			);
			dependencies = (
				57A221032C8814970044810B /* PBXTargetDependency */,
			);
			name = TradeDokTests;
			productName = TradeDokTests;
			productReference = 57A221012C8814970044810B /* TradeDokTests.xctest */;
			productType = "com.apple.product-type.bundle.unit-test";
		};
		57A2210A2C8814970044810B /* TradeDokUITests */ = {
			isa = PBXNativeTarget;
			buildConfigurationList = 57A2211B2C8814980044810B /* Build configuration list for PBXNativeTarget "TradeDokUITests" */;
			buildPhases = (
				57A221072C8814970044810B /* Sources */,
				57A221082C8814970044810B /* Frameworks */,
				57A221092C8814970044810B /* Resources */,
			);
			buildRules = (
			);
			dependencies = (
				57A2210D2C8814980044810B /* PBXTargetDependency */,
			);
			name = TradeDokUITests;
			productName = TradeDokUITests;
			productReference = 57A2210B2C8814980044810B /* TradeDokUITests.xctest */;
			productType = "com.apple.product-type.bundle.ui-testing";
		};
/* End PBXNativeTarget section */

/* Begin PBXProject section */
		57A220E62C8814930044810B /* Project object */ = {
			isa = PBXProject;
			attributes = {
				BuildIndependentTargetsInParallel = 1;
				LastSwiftUpdateCheck = 1540;
				LastUpgradeCheck = 1620;
				TargetAttributes = {
					57A220ED2C8814930044810B = {
						CreatedOnToolsVersion = 15.4;
					};
					57A221002C8814970044810B = {
						CreatedOnToolsVersion = 15.4;
						TestTargetID = 57A220ED2C8814930044810B;
					};
					57A2210A2C8814970044810B = {
						CreatedOnToolsVersion = 15.4;
						TestTargetID = 57A220ED2C8814930044810B;
					};
				};
			};
			buildConfigurationList = 57A220E92C8814930044810B /* Build configuration list for PBXProject "TradeDok" */;
			compatibilityVersion = "Xcode 14.0";
			developmentRegion = en;
			hasScannedForEncodings = 0;
			knownRegions = (
				en,
				Base,
			);
			mainGroup = 57A220E52C8814930044810B;
			productRefGroup = 57A220EF2C8814930044810B /* Products */;
			projectDirPath = "";
			projectRoot = "";
			targets = (
				57A220ED2C8814930044810B /* TradeDok */,
				57A221002C8814970044810B /* TradeDokTests */,
				57A2210A2C8814970044810B /* TradeDokUITests */,
			);
		};
/* End PBXProject section */

/* Begin PBXResourcesBuildPhase section */
		57A220EC2C8814930044810B /* Resources */ = {
			isa = PBXResourcesBuildPhase;
			buildActionMask = 2147483647;
			files = (
				57A220FB2C8814970044810B /* Preview Assets.xcassets in Resources */,
				5761797A2D19250600C06872 /* Assets.xcassets in Resources */,
			);
			runOnlyForDeploymentPostprocessing = 0;
		};
		57A220FF2C8814970044810B /* Resources */ = {
			isa = PBXResourcesBuildPhase;
			buildActionMask = 2147483647;
			files = (
				576179792D19250600C06872 /* Assets.xcassets in Resources */,
			);
			runOnlyForDeploymentPostprocessing = 0;
		};
		57A221092C8814970044810B /* Resources */ = {
			isa = PBXResourcesBuildPhase;
			buildActionMask = 2147483647;
			files = (
				5761797B2D19250600C06872 /* Assets.xcassets in Resources */,
			);
			runOnlyForDeploymentPostprocessing = 0;
		};
/* End PBXResourcesBuildPhase section */

/* Begin PBXSourcesBuildPhase section */
		57A220EA2C8814930044810B /* Sources */ = {
			isa = PBXSourcesBuildPhase;
			buildActionMask = 2147483647;
			files = (
				57249DA22E56EDC300D32CD7 /* TradeDok.entitlements in Sources */,
				57249DA32E56EDC300D32CD7 /* Preview Assets.xcassets in Sources */,
				57249DA42E56EDC300D32CD7 /* Assets.xcassets in Sources */,
				57249D992E56ED8500D32CD7 /* TradeDok.app in Sources */,
				57249D9A2E56ED8500D32CD7 /* TradeDokTests.xctest in Sources */,
				57249D9B2E56ED8500D32CD7 /* TradeDokUITests.xctest in Sources */,
				57A220F62C8814930044810B /* Item.swift in Sources */,
				57A220F22C8814930044810B /* TradeDokApp.swift in Sources */,
			);
			runOnlyForDeploymentPostprocessing = 0;
		};
		57A220FD2C8814970044810B /* Sources */ = {
			isa = PBXSourcesBuildPhase;
			buildActionMask = 2147483647;
			files = (
				57A221062C8814970044810B /* TradeDokTests.swift in Sources */,
			);
			runOnlyForDeploymentPostprocessing = 0;
		};
		57A221072C8814970044810B /* Sources */ = {
			isa = PBXSourcesBuildPhase;
			buildActionMask = 2147483647;
			files = (
				57A221122C8814980044810B /* TradeDokUITestsLaunchTests.swift in Sources */,
				57A221102C8814980044810B /* TradeDokUITests.swift in Sources */,
			);
			runOnlyForDeploymentPostprocessing = 0;
		};
/* End PBXSourcesBuildPhase section */

/* Begin PBXTargetDependency section */
		57A221032C8814970044810B /* PBXTargetDependency */ = {
			isa = PBXTargetDependency;
			target = 57A220ED2C8814930044810B /* TradeDok */;
			targetProxy = 57A221022C8814970044810B /* PBXContainerItemProxy */;
		};
		57A2210D2C8814980044810B /* PBXTargetDependency */ = {
			isa = PBXTargetDependency;
			target = 57A220ED2C8814930044810B /* TradeDok */;
			targetProxy = 57A2210C2C8814980044810B /* PBXContainerItemProxy */;
		};
/* End PBXTargetDependency section */

/* Begin XCBuildConfiguration section */
		57A221132C8814980044810B /* Debug */ = {
			isa = XCBuildConfiguration;
			buildSettings = {
				ALWAYS_SEARCH_USER_PATHS = NO;
				ASSETCATALOG_COMPILER_GENERATE_SWIFT_ASSET_SYMBOL_EXTENSIONS = YES;
				CLANG_ANALYZER_NONNULL = YES;
				CLANG_ANALYZER_NUMBER_OBJECT_CONVERSION = YES_AGGRESSIVE;
				CLANG_CXX_LANGUAGE_STANDARD = "gnu++20";
				CLANG_ENABLE_MODULES = YES;
				CLANG_ENABLE_OBJC_ARC = YES;
				CLANG_ENABLE_OBJC_WEAK = YES;
				CLANG_WARN_BLOCK_CAPTURE_AUTORELEASING = YES;
				CLANG_WARN_BOOL_CONVERSION = YES;
				CLANG_WARN_COMMA = YES;
				CLANG_WARN_CONSTANT_CONVERSION = YES;
				CLANG_WARN_DEPRECATED_OBJC_IMPLEMENTATIONS = YES;
				CLANG_WARN_DIRECT_OBJC_ISA_USAGE = YES_ERROR;
				CLANG_WARN_DOCUMENTATION_COMMENTS = YES;
				CLANG_WARN_EMPTY_BODY = YES;
				CLANG_WARN_ENUM_CONVERSION = YES;
				CLANG_WARN_INFINITE_RECURSION = YES;
				CLANG_WARN_INT_CONVERSION = YES;
				CLANG_WARN_NON_LITERAL_NULL_CONVERSION = YES;
				CLANG_WARN_OBJC_IMPLICIT_RETAIN_SELF = YES;
				CLANG_WARN_OBJC_LITERAL_CONVERSION = YES;
				CLANG_WARN_OBJC_ROOT_CLASS = YES_ERROR;
				CLANG_WARN_QUOTED_INCLUDE_IN_FRAMEWORK_HEADER = YES;
				CLANG_WARN_RANGE_LOOP_ANALYSIS = YES;
				CLANG_WARN_STRICT_PROTOTYPES = YES;
				CLANG_WARN_SUSPICIOUS_MOVE = YES;
				CLANG_WARN_UNGUARDED_AVAILABILITY = YES_AGGRESSIVE;
				CLANG_WARN_UNREACHABLE_CODE = YES;
				CLANG_WARN__DUPLICATE_METHOD_MATCH = YES;
				COPY_PHASE_STRIP = NO;
				DEAD_CODE_STRIPPING = YES;
				DEBUG_INFORMATION_FORMAT = dwarf;
				ENABLE_STRICT_OBJC_MSGSEND = YES;
				ENABLE_TESTABILITY = YES;
				ENABLE_USER_SCRIPT_SANDBOXING = YES;
				GCC_C_LANGUAGE_STANDARD = gnu17;
				GCC_DYNAMIC_NO_PIC = NO;
				GCC_NO_COMMON_BLOCKS = YES;
				GCC_OPTIMIZATION_LEVEL = 0;
				GCC_PREPROCESSOR_DEFINITIONS = (
					"DEBUG=1",
					"$(inherited)",
				);
				GCC_WARN_64_TO_32_BIT_CONVERSION = YES;
				GCC_WARN_ABOUT_RETURN_TYPE = YES_ERROR;
				GCC_WARN_UNDECLARED_SELECTOR = YES;
				GCC_WARN_UNINITIALIZED_AUTOS = YES_AGGRESSIVE;
				GCC_WARN_UNUSED_FUNCTION = YES;
				GCC_WARN_UNUSED_VARIABLE = YES;
				LOCALIZATION_PREFERS_STRING_CATALOGS = YES;
				MACOSX_DEPLOYMENT_TARGET = 14.5;
				MTL_ENABLE_DEBUG_INFO = INCLUDE_SOURCE;
				MTL_FAST_MATH = YES;
				ONLY_ACTIVE_ARCH = YES;
				SDKROOT = macosx;
				SWIFT_ACTIVE_COMPILATION_CONDITIONS = "DEBUG $(inherited)";
				SWIFT_OPTIMIZATION_LEVEL = "-Onone";
			};
			name = Debug;
		};
		57A221142C8814980044810B /* Release */ = {
			isa = XCBuildConfiguration;
			buildSettings = {
				ALWAYS_SEARCH_USER_PATHS = NO;
				ASSETCATALOG_COMPILER_GENERATE_SWIFT_ASSET_SYMBOL_EXTENSIONS = YES;
				CLANG_ANALYZER_NONNULL = YES;
				CLANG_ANALYZER_NUMBER_OBJECT_CONVERSION = YES_AGGRESSIVE;
				CLANG_CXX_LANGUAGE_STANDARD = "gnu++20";
				CLANG_ENABLE_MODULES = YES;
				CLANG_ENABLE_OBJC_ARC = YES;
				CLANG_ENABLE_OBJC_WEAK = YES;
				CLANG_WARN_BLOCK_CAPTURE_AUTORELEASING = YES;
				CLANG_WARN_BOOL_CONVERSION = YES;
				CLANG_WARN_COMMA = YES;
				CLANG_WARN_CONSTANT_CONVERSION = YES;
				CLANG_WARN_DEPRECATED_OBJC_IMPLEMENTATIONS = YES;
				CLANG_WARN_DIRECT_OBJC_ISA_USAGE = YES_ERROR;
				CLANG_WARN_DOCUMENTATION_COMMENTS = YES;
				CLANG_WARN_EMPTY_BODY = YES;
				CLANG_WARN_ENUM_CONVERSION = YES;
				CLANG_WARN_INFINITE_RECURSION = YES;
				CLANG_WARN_INT_CONVERSION = YES;
				CLANG_WARN_NON_LITERAL_NULL_CONVERSION = YES;
				CLANG_WARN_OBJC_IMPLICIT_RETAIN_SELF = YES;
				CLANG_WARN_OBJC_LITERAL_CONVERSION = YES;
				CLANG_WARN_OBJC_ROOT_CLASS = YES_ERROR;
				CLANG_WARN_QUOTED_INCLUDE_IN_FRAMEWORK_HEADER = YES;
				CLANG_WARN_RANGE_LOOP_ANALYSIS = YES;
				CLANG_WARN_STRICT_PROTOTYPES = YES;
				CLANG_WARN_SUSPICIOUS_MOVE = YES;
				CLANG_WARN_UNGUARDED_AVAILABILITY = YES_AGGRESSIVE;
				CLANG_WARN_UNREACHABLE_CODE = YES;
				CLANG_WARN__DUPLICATE_METHOD_MATCH = YES;
				COPY_PHASE_STRIP = NO;
				DEAD_CODE_STRIPPING = YES;
				DEBUG_INFORMATION_FORMAT = "dwarf-with-dsym";
				ENABLE_NS_ASSERTIONS = NO;
				ENABLE_STRICT_OBJC_MSGSEND = YES;
				ENABLE_USER_SCRIPT_SANDBOXING = YES;
				GCC_C_LANGUAGE_STANDARD = gnu17;
				GCC_NO_COMMON_BLOCKS = YES;
				GCC_WARN_64_TO_32_BIT_CONVERSION = YES;
				GCC_WARN_ABOUT_RETURN_TYPE = YES_ERROR;
				GCC_WARN_UNDECLARED_SELECTOR = YES;
				GCC_WARN_UNINITIALIZED_AUTOS = YES_AGGRESSIVE;
				GCC_WARN_UNUSED_FUNCTION = YES;
				GCC_WARN_UNUSED_VARIABLE = YES;
				LOCALIZATION_PREFERS_STRING_CATALOGS = YES;
				MACOSX_DEPLOYMENT_TARGET = 14.5;
				MTL_ENABLE_DEBUG_INFO = NO;
				MTL_FAST_MATH = YES;
				SDKROOT = macosx;
				SWIFT_COMPILATION_MODE = wholemodule;
			};
			name = Release;
		};
		57A221162C8814980044810B /* Debug */ = {
			isa = XCBuildConfiguration;
			buildSettings = {
				ASSETCATALOG_COMPILER_APPICON_NAME = AppIcon;
				ASSETCATALOG_COMPILER_GLOBAL_ACCENT_COLOR_NAME = AccentColor;
				CODE_SIGN_ENTITLEMENTS = TradeDok/TradeDok.entitlements;
				CODE_SIGN_STYLE = Automatic;
				COMBINE_HIDPI_IMAGES = YES;
				CURRENT_PROJECT_VERSION = 1;
				DEAD_CODE_STRIPPING = YES;
				DEVELOPMENT_ASSET_PATHS = "\"TradeDok/Preview Content\"";
				DEVELOPMENT_TEAM = N4KM95XUZT;
				ENABLE_HARDENED_RUNTIME = YES;
				ENABLE_PREVIEWS = YES;
				GENERATE_INFOPLIST_FILE = YES;
				INFOPLIST_KEY_NSHumanReadableCopyright = "";
				LD_RUNPATH_SEARCH_PATHS = (
					"$(inherited)",
					"@executable_path/../Frameworks",
				);
				MACOSX_DEPLOYMENT_TARGET = 14.0;
				MARKETING_VERSION = 1.0;
				PRODUCT_BUNDLE_IDENTIFIER = co.reeseoo.TradeDok;
				PRODUCT_NAME = "$(TARGET_NAME)";
				SWIFT_EMIT_LOC_STRINGS = YES;
				SWIFT_VERSION = 5.0;
			};
			name = Debug;
		};
		57A221172C8814980044810B /* Release */ = {
			isa = XCBuildConfiguration;
			buildSettings = {
				ASSETCATALOG_COMPILER_APPICON_NAME = AppIcon;
				ASSETCATALOG_COMPILER_GLOBAL_ACCENT_COLOR_NAME = AccentColor;
				CODE_SIGN_ENTITLEMENTS = TradeDok/TradeDok.entitlements;
				CODE_SIGN_STYLE = Automatic;
				COMBINE_HIDPI_IMAGES = YES;
				CURRENT_PROJECT_VERSION = 1;
				DEAD_CODE_STRIPPING = YES;
				DEVELOPMENT_ASSET_PATHS = "\"TradeDok/Preview Content\"";
				DEVELOPMENT_TEAM = N4KM95XUZT;
				ENABLE_HARDENED_RUNTIME = YES;
				ENABLE_PREVIEWS = YES;
				GENERATE_INFOPLIST_FILE = YES;
				INFOPLIST_KEY_NSHumanReadableCopyright = "";
				LD_RUNPATH_SEARCH_PATHS = (
					"$(inherited)",
					"@executable_path/../Frameworks",
				);
				MACOSX_DEPLOYMENT_TARGET = 14.0;
				MARKETING_VERSION = 1.0;
				PRODUCT_BUNDLE_IDENTIFIER = co.reeseoo.TradeDok;
				PRODUCT_NAME = "$(TARGET_NAME)";
				SWIFT_EMIT_LOC_STRINGS = YES;
				SWIFT_VERSION = 5.0;
			};
			name = Release;
		};
		57A221192C8814980044810B /* Debug */ = {
			isa = XCBuildConfiguration;
			buildSettings = {
				BUNDLE_LOADER = "$(TEST_HOST)";
				CODE_SIGN_STYLE = Automatic;
				CURRENT_PROJECT_VERSION = 1;
				DEAD_CODE_STRIPPING = YES;
				DEVELOPMENT_TEAM = N4KM95XUZT;
				GENERATE_INFOPLIST_FILE = YES;
				MACOSX_DEPLOYMENT_TARGET = 14.0;
				MARKETING_VERSION = 1.0;
				PRODUCT_BUNDLE_IDENTIFIER = co.reeseoo.TradeDokTests;
				PRODUCT_NAME = "$(TARGET_NAME)";
				SWIFT_EMIT_LOC_STRINGS = NO;
				SWIFT_VERSION = 5.0;
				TEST_HOST = "$(BUILT_PRODUCTS_DIR)/TradeDok.app/$(BUNDLE_EXECUTABLE_FOLDER_PATH)/TradeDok";
			};
			name = Debug;
		};
		57A2211A2C8814980044810B /* Release */ = {
			isa = XCBuildConfiguration;
			buildSettings = {
				BUNDLE_LOADER = "$(TEST_HOST)";
				CODE_SIGN_STYLE = Automatic;
				CURRENT_PROJECT_VERSION = 1;
				DEAD_CODE_STRIPPING = YES;
				DEVELOPMENT_TEAM = N4KM95XUZT;
				GENERATE_INFOPLIST_FILE = YES;
				MACOSX_DEPLOYMENT_TARGET = 14.0;
				MARKETING_VERSION = 1.0;
				PRODUCT_BUNDLE_IDENTIFIER = co.reeseoo.TradeDokTests;
				PRODUCT_NAME = "$(TARGET_NAME)";
				SWIFT_EMIT_LOC_STRINGS = NO;
				SWIFT_VERSION = 5.0;
				TEST_HOST = "$(BUILT_PRODUCTS_DIR)/TradeDok.app/$(BUNDLE_EXECUTABLE_FOLDER_PATH)/TradeDok";
			};
			name = Release;
		};
		57A2211C2C8814980044810B /* Debug */ = {
			isa = XCBuildConfiguration;
			buildSettings = {
				CODE_SIGN_STYLE = Automatic;
				CURRENT_PROJECT_VERSION = 1;
				DEAD_CODE_STRIPPING = YES;
				DEVELOPMENT_TEAM = N4KM95XUZT;
				GENERATE_INFOPLIST_FILE = YES;
				MARKETING_VERSION = 1.0;
				PRODUCT_BUNDLE_IDENTIFIER = co.reeseoo.TradeDokUITests;
				PRODUCT_NAME = "$(TARGET_NAME)";
				SWIFT_EMIT_LOC_STRINGS = NO;
				SWIFT_VERSION = 5.0;
				TEST_TARGET_NAME = TradeDok;
			};
			name = Debug;
		};
		57A2211D2C8814980044810B /* Release */ = {
			isa = XCBuildConfiguration;
			buildSettings = {
				CODE_SIGN_STYLE = Automatic;
				CURRENT_PROJECT_VERSION = 1;
				DEAD_CODE_STRIPPING = YES;
				DEVELOPMENT_TEAM = N4KM95XUZT;
				GENERATE_INFOPLIST_FILE = YES;
				MARKETING_VERSION = 1.0;
				PRODUCT_BUNDLE_IDENTIFIER = co.reeseoo.TradeDokUITests;
				PRODUCT_NAME = "$(TARGET_NAME)";
				SWIFT_EMIT_LOC_STRINGS = NO;
				SWIFT_VERSION = 5.0;
				TEST_TARGET_NAME = TradeDok;
			};
			name = Release;
		};
/* End XCBuildConfiguration section */

/* Begin XCConfigurationList section */
		57A220E92C8814930044810B /* Build configuration list for PBXProject "TradeDok" */ = {
			isa = XCConfigurationList;
			buildConfigurations = (
				57A221132C8814980044810B /* Debug */,
				57A221142C8814980044810B /* Release */,
			);
			defaultConfigurationIsVisible = 0;
			defaultConfigurationName = Release;
		};
		57A221152C8814980044810B /* Build configuration list for PBXNativeTarget "TradeDok" */ = {
			isa = XCConfigurationList;
			buildConfigurations = (
				57A221162C8814980044810B /* Debug */,
				57A221172C8814980044810B /* Release */,
			);
			defaultConfigurationIsVisible = 0;
			defaultConfigurationName = Release;
		};
		57A221182C8814980044810B /* Build configuration list for PBXNativeTarget "TradeDokTests" */ = {
			isa = XCConfigurationList;
			buildConfigurations = (
				57A221192C8814980044810B /* Debug */,
				57A2211A2C8814980044810B /* Release */,
			);
			defaultConfigurationIsVisible = 0;
			defaultConfigurationName = Release;
		};
		57A2211B2C8814980044810B /* Build configuration list for PBXNativeTarget "TradeDokUITests" */ = {
			isa = XCConfigurationList;
			buildConfigurations = (
				57A2211C2C8814980044810B /* Debug */,
				57A2211D2C8814980044810B /* Release */,
			);
			defaultConfigurationIsVisible = 0;
			defaultConfigurationName = Release;
		};
/* End XCConfigurationList section */
	};
	rootObject = 57A220E62C8814930044810B /* Project object */;
}
